NeoBundleLock ag.vim 4a0dd6e190f446e5a016b44fdaa2feafc582918e
NeoBundleLock alpaca_tags e5d855eaffbe2df5e7f8740ea497e2ec48f59bbe
NeoBundleLock dash.vim 96221024a6a0377bab13472881c31009bc93e6d0
NeoBundleLock emmet-vim 4eca5f5693a938177effeee8920d1362fd7c18f7
NeoBundleLock gundo.vim e7fe41024ace9047eee610f23311d44fd9d917c0
NeoBundleLock haskell-vim-now 0ebb1db7aeafb0cb1aaa39e1b542cd7690481049
NeoBundleLock html5.vim 6c1ac5d5f458cdd38f57d9e0617d9a0df482a317
NeoBundleLock indentLine 86b9824b89cf52d4b748ea2a27885607c98c881a
NeoBundleLock jedi-vim f191ccd6fb7f3bc2272a34d6230487caf64face7
NeoBundleLock kotlin-vim b45fdc92f97c3f473fd30ab00ba0936b5ae2a2d9
NeoBundleLock lightline.vim 836d4c84f76e7066bcfa4c6c60449714cf2b2c45
NeoBundleLock matchit.zip ced6c409c9beeb0b4142d21906606bd194411d1d
NeoBundleLock memolist.vim e5998fc80a27d23a8f074f61316f69ea67f6e1db
NeoBundleLock neobundle.vim 88951d60547595606ea0ca8f28f643d2506f2714
NeoBundleLock neocomplete.vim fdf3883b209349513c7b2c2b9a19360544a25775
NeoBundleLock neomru.vim c7bf447627679a3f06f0f3caf893b0497d0aa90b
NeoBundleLock neosnippet 22bf9611263fcc9fd2c4bd61031053624ff82714
NeoBundleLock neosnippet-snippets 4431bf176650696d5a8dd93814812afd0d06212c
NeoBundleLock nerdtree eee431dbd44111c858c6d33ffd366cae1f17f8b3
NeoBundleLock open-browser.vim e2bfabfc758351ee3087d4c697d1953660d943ee
NeoBundleLock previm b5dba0837b464063284a8a97e7b9e5e378db545c
NeoBundleLock qfixgrep 4c0db154301dd05b0aca8ba537a5c507d2f9c0db
NeoBundleLock seoul256.vim 7f8e2a4ba9f4985fb219e2f55fef2b745d997ac2
NeoBundleLock switch.vim fec2065ebd5c00723bc7e35d95991332ad6e53a3
NeoBundleLock syntastic 734fde7f0b84ff3f670ab5772ed1b8b0c8c16770
NeoBundleLock tabular 00e1e7fcdbc6d753e0bc8043e0d2546fa81bf367
NeoBundleLock tagbar 53e9cb030e143b6286ed06255fef018265edd311
NeoBundleLock taglist.vim 53041fbc45398a9af631a20657e109707a455339
NeoBundleLock tcomment_vim a30434a3d2c7c74e2708a3bc800c5c14c1e6625e
NeoBundleLock unite.vim f3f6df24c04faf29ae4d716aa776f85e88e7ea38
NeoBundleLock vim-autoclose a9a3b7384657bc1f60a963fd6c08c63fc48d61c3
NeoBundleLock vim-coffee-script b91dbe92ad794a85a03b089f384fa324ff4e0c3d
NeoBundleLock vim-css3-syntax b6995753caf3085a41bd291fc369b1a462b78a44
NeoBundleLock vim-easy-align 0cb6b98fc155717b0a56c110551ac57d1d951ddb
NeoBundleLock vim-easymotion 11632455de8caa40f264501df8f0a3e249cf0595
NeoBundleLock vim-elixir 9cbb3ee3865c594ed017f8118a80b355cd7e238f
NeoBundleLock vim-endwise 0067ceda37725d01b7bd5bf249d63b1b5d4e2ab4
NeoBundleLock vim-fugitive b3a8be6975dcc27b523b030bf5d35d9c737aef18
NeoBundleLock vim-javascript 997c2b12f5fffedd3a787b8840dfe710b2e6d3f9
NeoBundleLock vim-jsx eb656ed96435ccf985668ebd7bb6ceb34b736213
NeoBundleLock vim-livedown e2ea003b6ffa481018a93ca1074ed8882b46bf87
NeoBundleLock vim-markdown a3169545f330ec8080244c3ad755bb2211eca8a0
NeoBundleLock vim-node 13b31218447335e176d46dd5f497b274f7f49595
NeoBundleLock vim-pug cc1bddc890f4856aa0511fdfd7c55d2e66f688b5
NeoBundleLock vim-quickrun c4c368c835b91c012b011dde613a914c0e167fd0
NeoBundleLock vim-rails 09ffc844ef959ffe133d0994641ade192531007e
NeoBundleLock vim-ref b45d10f6d0c82e3afd17774626e952fde03274a1
NeoBundleLock vim-ruby e865f7cacf05908668ed07be2db553f4fb4d56fd
NeoBundleLock vim-scala a6a350f7c632d0e640b57f9dcc7e123409a7bcd7
NeoBundleLock vim-slim df26386b46b455f0c837c3ba30d1771204f209ca
NeoBundleLock vim-stylus 0514757a4795843978517ee73d7fa7d8bf2e5545
NeoBundleLock vim-surround e49d6c2459e0f5569ff2d533b4df995dd7f98313
NeoBundleLock vimfiler 1f00a8a5c48714ae88e7a573429beef447003a5d
NeoBundleLock vimproc 25cb83f24edec4aec1e9f1329302235e7a7a7fe0
NeoBundleLock vimshell b42ba02a491d6a4b6daa3178a747e59e7b1800c7
NeoBundleLock w3m.vim 228a852b188f1a62ecea55fa48b0ec892fa6bad7
NeoBundleLock yankround.vim bced716bb283a328c4dbec056bba36e53b2b404b
